// !$*UTF8*$!
{
	archiveVersion = 1;
	classes = {
	};
	objectVersion = 77;
	objects = {

/* Begin PBXBuildFile section */
		9B1A52AC2FB7E34D009138E1 /* LocalShortcuts in Frameworks */ = {isa = PBXBuildFile; productRef = 9B1A52AB2FB7E34D009138E1 /* LocalShortcuts */; };
		9B1A52AF2FB7E811009138E1 /* SearchEngine.swift in Sources */ = {isa = PBXBuildFile; fileRef = 9B1A52AE2FB7E811009138E1 /* SearchEngine.swift */; };
		9B1A52B02FB7EBA3009138E1 /* SearchEngine.swift in Sources */ = {isa = PBXBuildFile; fileRef = 9B1A52AE2FB7E811009138E1 /* SearchEngine.swift */; };
		9B1A52BC2FB82790009138E1 /* FaviconFinder in Frameworks */ = {isa = PBXBuildFile; productRef = 9B1A52BB2FB82790009138E1 /* FaviconFinder */; };
		9B1A53552FB85C2D009138E1 /* URL.swift in Sources */ = {isa = PBXBuildFile; fileRef = 9B1A53342FB85C2D009138E1 /* URL.swift */; };
		9B1A53562FB85C2D009138E1 /* View.swift in Sources */ = {isa = PBXBuildFile; fileRef = 9B1A53352FB85C2D009138E1 /* View.swift */; };
		9B1A53572FB85C2D009138E1 /* View+windowTitlebarArea.swift in Sources */ = {isa = PBXBuildFile; fileRef = 9B1A53362FB85C2D009138E1 /* View+windowTitlebarArea.swift */; };
		9B1A53582FB85C2D009138E1 /* BrowserCoordinator.swift in Sources */ = {isa = PBXBuildFile; fileRef = 9B1A53382FB85C2D009138E1 /* BrowserCoordinator.swift */; };
		9B1A53592FB85C2D009138E1 /* FaviconService.swift in Sources */ = {isa = PBXBuildFile; fileRef = 9B1A53392FB85C2D009138E1 /* FaviconService.swift */; };
		9B1A535A2FB85C2D009138E1 /* LocalShortcuts+Defaults.swift in Sources */ = {isa = PBXBuildFile; fileRef = 9B1A533B2FB85C2D009138E1 /* LocalShortcuts+Defaults.swift */; };
		9B1A535B2FB85C2D009138E1 /* Shortcuts.swift in Sources */ = {isa = PBXBuildFile; fileRef = 9B1A533C2FB85C2D009138E1 /* Shortcuts.swift */; };
		9B1A535C2FB85C2D009138E1 /* ComfyBrowserViewModel.swift in Sources */ = {isa = PBXBuildFile; fileRef = 9B1A533F2FB85C2D009138E1 /* ComfyBrowserViewModel.swift */; };
		9B1A535D2FB85C2D009138E1 /* Sidebar.swift in Sources */ = {isa = PBXBuildFile; fileRef = 9B1A53422FB85C2D009138E1 /* Sidebar.swift */; };
		9B1A535E2FB85C2D009138E1 /* SidebarCollectionCoordinator.swift in Sources */ = {isa = PBXBuildFile; fileRef = 9B1A53432FB85C2D009138E1 /* SidebarCollectionCoordinator.swift */; };
		9B1A535F2FB85C2D009138E1 /* SidebarCollectionView.swift in Sources */ = {isa = PBXBuildFile; fileRef = 9B1A53442FB85C2D009138E1 /* SidebarCollectionView.swift */; };
		9B1A53602FB85C2D009138E1 /* SidebarItemView.swift in Sources */ = {isa = PBXBuildFile; fileRef = 9B1A53452FB85C2D009138E1 /* SidebarItemView.swift */; };
		9B1A53612FB85C2D009138E1 /* SidebarRow.swift in Sources */ = {isa = PBXBuildFile; fileRef = 9B1A53462FB85C2D009138E1 /* SidebarRow.swift */; };
		9B1A53622FB85C2D009138E1 /* SidebarRowViewModel.swift in Sources */ = {isa = PBXBuildFile; fileRef = 9B1A53472FB85C2D009138E1 /* SidebarRowViewModel.swift */; };
		9B1A53632FB85C2D009138E1 /* SidebarScrollView.swift in Sources */ = {isa = PBXBuildFile; fileRef = 9B1A53482FB85C2D009138E1 /* SidebarScrollView.swift */; };
		9B1A53642FB85C2D009138E1 /* SidebarTabItem.swift in Sources */ = {isa = PBXBuildFile; fileRef = 9B1A53492FB85C2D009138E1 /* SidebarTabItem.swift */; };
		9B1A53652FB85C2D009138E1 /* SidebarView.swift in Sources */ = {isa = PBXBuildFile; fileRef = 9B1A534A2FB85C2D009138E1 /* SidebarView.swift */; };
		9B1A53662FB85C2D009138E1 /* ComfyBrowserRoot.swift in Sources */ = {isa = PBXBuildFile; fileRef = 9B1A534C2FB85C2D009138E1 /* ComfyBrowserRoot.swift */; };
		9B1A53672FB85C2D009138E1 /* SidebarIcon.swift in Sources */ = {isa = PBXBuildFile; fileRef = 9B1A534D2FB85C2D009138E1 /* SidebarIcon.swift */; };
		9B1A53682FB85C2D009138E1 /* TopBar.swift in Sources */ = {isa = PBXBuildFile; fileRef = 9B1A534E2FB85C2D009138E1 /* TopBar.swift */; };
		9B1A53692FB85C2D009138E1 /* WebView.swift in Sources */ = {isa = PBXBuildFile; fileRef = 9B1A534F2FB85C2D009138E1 /* WebView.swift */; };
		9B1A536A2FB85C2D009138E1 /* ComfyBrowserMacOSApp.swift in Sources */ = {isa = PBXBuildFile; fileRef = 9B1A53522FB85C2D009138E1 /* ComfyBrowserMacOSApp.swift */; };
		9B1A536B2FB85C2D009138E1 /* SidebarTracker.swift in Sources */ = {isa = PBXBuildFile; fileRef = 9B1A53532FB85C2D009138E1 /* SidebarTracker.swift */; };
		9B1A536C2FB85C2D009138E1 /* README.md in Resources */ = {isa = PBXBuildFile; fileRef = 9B1A53412FB85C2D009138E1 /* README.md */; };
		9B1A536D2FB85C2D009138E1 /* Assets.xcassets in Resources */ = {isa = PBXBuildFile; fileRef = 9B1A53512FB85C2D009138E1 /* Assets.xcassets */; };
		9B1A53A62FB865F6009138E1 /* TextField+SelectAll.swift in Sources */ = {isa = PBXBuildFile; fileRef = 9B1A53A52FB865ED009138E1 /* TextField+SelectAll.swift */; };
		9B1A53F22FB86771009138E1 /* View+if.swift in Sources */ = {isa = PBXBuildFile; fileRef = 9B1A53F12FB86771009138E1 /* View+if.swift */; };
		9B1D9BF82EF4EA2200A75C2B /* LocalShortcuts in Frameworks */ = {isa = PBXBuildFile; productRef = 9B1D9BF72EF4EA2200A75C2B /* LocalShortcuts */; };
		9B4B6E332FB91FD900CED910 /* SearchCoordinator.swift in Sources */ = {isa = PBXBuildFile; fileRef = 9B4B6E322FB91FD500CED910 /* SearchCoordinator.swift */; };
		9B4B6ECE2FB9378E00CED910 /* FloatingOverlayPanel.swift in Sources */ = {isa = PBXBuildFile; fileRef = 9B4B6ECD2FB9378E00CED910 /* FloatingOverlayPanel.swift */; };
		9B4B6F472FB961E200CED910 /* SearchSuggestionRowViewModel.swift in Sources */ = {isa = PBXBuildFile; fileRef = 9B4B6F462FB961E200CED910 /* SearchSuggestionRowViewModel.swift */; };
		9B4B6FB22FB99C8C00CED910 /* NewTabSearchPanel.swift in Sources */ = {isa = PBXBuildFile; fileRef = 9B4B6FB12FB99C8900CED910 /* NewTabSearchPanel.swift */; };
		9B4EA96A2ECE3D39002B570E /* Tab.swift in Sources */ = {isa = PBXBuildFile; fileRef = 9B4EA9682ECE3D39002B570E /* Tab.swift */; };
		9B4EA96B2ECE3D39002B570E /* Tab.swift in Sources */ = {isa = PBXBuildFile; fileRef = 9B4EA9682ECE3D39002B570E /* Tab.swift */; };
		9B7555FB2FB9A7CD00E89B86 /* BrowserContentView.swift in Sources */ = {isa = PBXBuildFile; fileRef = 9B7555FA2FB9A7CD00E89B86 /* BrowserContentView.swift */; };
		9B7556632FBA387200E89B86 /* View+readFrame.swift in Sources */ = {isa = PBXBuildFile; fileRef = 9B7556622FBA386F00E89B86 /* View+readFrame.swift */; };
		9B7556652FBA3FCD00E89B86 /* HoverBackground.swift in Sources */ = {isa = PBXBuildFile; fileRef = 9B7556642FBA3FCD00E89B86 /* HoverBackground.swift */; };
		9BC000152FB94D11009138E1 /* SearchSuggestion.swift in Sources */ = {isa = PBXBuildFile; fileRef = 9BC000052FB94D11009138E1 /* SearchSuggestion.swift */; };
		9BC000162FB94D11009138E1 /* SearchSuggestionKind.swift in Sources */ = {isa = PBXBuildFile; fileRef = 9BC000062FB94D11009138E1 /* SearchSuggestionKind.swift */; };
		9BC000172FB94D11009138E1 /* SearchQueryIntent.swift in Sources */ = {isa = PBXBuildFile; fileRef = 9BC000072FB94D11009138E1 /* SearchQueryIntent.swift */; };
		9BC000182FB94D11009138E1 /* HistoryStore.swift in Sources */ = {isa = PBXBuildFile; fileRef = 9BC000082FB94D11009138E1 /* HistoryStore.swift */; };
		9BC000192FB94D11009138E1 /* HistoryRecord.swift in Sources */ = {isa = PBXBuildFile; fileRef = 9BC000092FB94D11009138E1 /* HistoryRecord.swift */; };
		9BC0001A2FB94D11009138E1 /* SearchSuggestionProvider.swift in Sources */ = {isa = PBXBuildFile; fileRef = 9BC0000A2FB94D11009138E1 /* SearchSuggestionProvider.swift */; };
		9BC0001B2FB94D11009138E1 /* SuggestionIndex.swift in Sources */ = {isa = PBXBuildFile; fileRef = 9BC0000B2FB94D11009138E1 /* SuggestionIndex.swift */; };
		9BC0001C2FB94D11009138E1 /* UserSearchResolver.swift in Sources */ = {isa = PBXBuildFile; fileRef = 9BC0000C2FB94D11009138E1 /* UserSearchResolver.swift */; };
		9BC0001D2FB94D11009138E1 /* SearchSuggestionsList.swift in Sources */ = {isa = PBXBuildFile; fileRef = 9BC0000D2FB94D11009138E1 /* SearchSuggestionsList.swift */; };
		9BC0001E2FB94D11009138E1 /* SearchSuggestionRow.swift in Sources */ = {isa = PBXBuildFile; fileRef = 9BC0000E2FB94D11009138E1 /* SearchSuggestionRow.swift */; };
		9BC000242FB9532A009138E1 /* SearchSuggestionCollectionCoordinator.swift in Sources */ = {isa = PBXBuildFile; fileRef = 9BC0001F2FB9532A009138E1 /* SearchSuggestionCollectionCoordinator.swift */; };
		9BC000252FB9532A009138E1 /* SearchSuggestionCollectionView.swift in Sources */ = {isa = PBXBuildFile; fileRef = 9BC000202FB9532A009138E1 /* SearchSuggestionCollectionView.swift */; };
		9BC000262FB9532A009138E1 /* SearchSuggestionItem.swift in Sources */ = {isa = PBXBuildFile; fileRef = 9BC000212FB9532A009138E1 /* SearchSuggestionItem.swift */; };
		9BC000272FB9532A009138E1 /* SearchSuggestionItemView.swift in Sources */ = {isa = PBXBuildFile; fileRef = 9BC000222FB9532A009138E1 /* SearchSuggestionItemView.swift */; };
		9BC000282FB9532A009138E1 /* SearchSuggestionScrollView.swift in Sources */ = {isa = PBXBuildFile; fileRef = 9BC000232FB9532A009138E1 /* SearchSuggestionScrollView.swift */; };
		9BC0002C2FB96965009138E1 /* ComfyTextField.swift in Sources */ = {isa = PBXBuildFile; fileRef = 9BC0002B2FB96965009138E1 /* ComfyTextField.swift */; };
/* End PBXBuildFile section */

/* Begin PBXContainerItemProxy section */
		9BD47DAA2ECD2B710081FD2F /* PBXContainerItemProxy */ = {
			isa = PBXContainerItemProxy;
			containerPortal = 9B2E02CD2E58FEED0087A5CB /* Project object */;
			proxyType = 1;
			remoteGlobalIDString = 9BD47D9C2ECD2B700081FD2F;
			remoteInfo = ComfyBrowserMacOS;
		};
		9BD47DB42ECD2B710081FD2F /* PBXContainerItemProxy */ = {
			isa = PBXContainerItemProxy;
			containerPortal = 9B2E02CD2E58FEED0087A5CB /* Project object */;
			proxyType = 1;
			remoteGlobalIDString = 9BD47D9C2ECD2B700081FD2F;
			remoteInfo = ComfyBrowserMacOS;
		};
/* End PBXContainerItemProxy section */

/* Begin PBXFileReference section */
		9B1A52AE2FB7E811009138E1 /* SearchEngine.swift */ = {isa = PBXFileReference; lastKnownFileType = sourcecode.swift; path = SearchEngine.swift; sourceTree = "<group>"; };
		9B1A53342FB85C2D009138E1 /* URL.swift */ = {isa = PBXFileReference; lastKnownFileType = sourcecode.swift; path = URL.swift; sourceTree = "<group>"; };
		9B1A53352FB85C2D009138E1 /* View.swift */ = {isa = PBXFileReference; lastKnownFileType = sourcecode.swift; path = View.swift; sourceTree = "<group>"; };
		9B1A53362FB85C2D009138E1 /* View+windowTitlebarArea.swift */ = {isa = PBXFileReference; lastKnownFileType = sourcecode.swift; path = "View+windowTitlebarArea.swift"; sourceTree = "<group>"; };
		9B1A53382FB85C2D009138E1 /* BrowserCoordinator.swift */ = {isa = PBXFileReference; lastKnownFileType = sourcecode.swift; path = BrowserCoordinator.swift; sourceTree = "<group>"; };
		9B1A53392FB85C2D009138E1 /* FaviconService.swift */ = {isa = PBXFileReference; lastKnownFileType = sourcecode.swift; path = FaviconService.swift; sourceTree = "<group>"; };
		9B1A533B2FB85C2D009138E1 /* LocalShortcuts+Defaults.swift */ = {isa = PBXFileReference; lastKnownFileType = sourcecode.swift; path = "LocalShortcuts+Defaults.swift"; sourceTree = "<group>"; };
		9B1A533C2FB85C2D009138E1 /* Shortcuts.swift */ = {isa = PBXFileReference; lastKnownFileType = sourcecode.swift; path = Shortcuts.swift; sourceTree = "<group>"; };
		9B1A533F2FB85C2D009138E1 /* ComfyBrowserViewModel.swift */ = {isa = PBXFileReference; lastKnownFileType = sourcecode.swift; path = ComfyBrowserViewModel.swift; sourceTree = "<group>"; };
		9B1A53412FB85C2D009138E1 /* README.md */ = {isa = PBXFileReference; lastKnownFileType = net.daringfireball.markdown; path = README.md; sourceTree = "<group>"; };
		9B1A53422FB85C2D009138E1 /* Sidebar.swift */ = {isa = PBXFileReference; lastKnownFileType = sourcecode.swift; path = Sidebar.swift; sourceTree = "<group>"; };
		9B1A53432FB85C2D009138E1 /* SidebarCollectionCoordinator.swift */ = {isa = PBXFileReference; lastKnownFileType = sourcecode.swift; path = SidebarCollectionCoordinator.swift; sourceTree = "<group>"; };
		9B1A53442FB85C2D009138E1 /* SidebarCollectionView.swift */ = {isa = PBXFileReference; lastKnownFileType = sourcecode.swift; path = SidebarCollectionView.swift; sourceTree = "<group>"; };
		9B1A53452FB85C2D009138E1 /* SidebarItemView.swift */ = {isa = PBXFileReference; lastKnownFileType = sourcecode.swift; path = SidebarItemView.swift; sourceTree = "<group>"; };
		9B1A53462FB85C2D009138E1 /* SidebarRow.swift */ = {isa = PBXFileReference; lastKnownFileType = sourcecode.swift; path = SidebarRow.swift; sourceTree = "<group>"; };
		9B1A53472FB85C2D009138E1 /* SidebarRowViewModel.swift */ = {isa = PBXFileReference; lastKnownFileType = sourcecode.swift; path = SidebarRowViewModel.swift; sourceTree = "<group>"; };
		9B1A53482FB85C2D009138E1 /* SidebarScrollView.swift */ = {isa = PBXFileReference; lastKnownFileType = sourcecode.swift; path = SidebarScrollView.swift; sourceTree = "<group>"; };
		9B1A53492FB85C2D009138E1 /* SidebarTabItem.swift */ = {isa = PBXFileReference; lastKnownFileType = sourcecode.swift; path = SidebarTabItem.swift; sourceTree = "<group>"; };
		9B1A534A2FB85C2D009138E1 /* SidebarView.swift */ = {isa = PBXFileReference; lastKnownFileType = sourcecode.swift; path = SidebarView.swift; sourceTree = "<group>"; };
		9B1A534C2FB85C2D009138E1 /* ComfyBrowserRoot.swift */ = {isa = PBXFileReference; lastKnownFileType = sourcecode.swift; path = ComfyBrowserRoot.swift; sourceTree = "<group>"; };
		9B1A534D2FB85C2D009138E1 /* SidebarIcon.swift */ = {isa = PBXFileReference; lastKnownFileType = sourcecode.swift; path = SidebarIcon.swift; sourceTree = "<group>"; };
		9B1A534E2FB85C2D009138E1 /* TopBar.swift */ = {isa = PBXFileReference; lastKnownFileType = sourcecode.swift; path = TopBar.swift; sourceTree = "<group>"; };
		9B1A534F2FB85C2D009138E1 /* WebView.swift */ = {isa = PBXFileReference; lastKnownFileType = sourcecode.swift; path = WebView.swift; sourceTree = "<group>"; };
		9B1A53512FB85C2D009138E1 /* Assets.xcassets */ = {isa = PBXFileReference; lastKnownFileType = folder.assetcatalog; path = Assets.xcassets; sourceTree = "<group>"; };
		9B1A53522FB85C2D009138E1 /* ComfyBrowserMacOSApp.swift */ = {isa = PBXFileReference; lastKnownFileType = sourcecode.swift; path = ComfyBrowserMacOSApp.swift; sourceTree = "<group>"; };
		9B1A53532FB85C2D009138E1 /* SidebarTracker.swift */ = {isa = PBXFileReference; lastKnownFileType = sourcecode.swift; path = SidebarTracker.swift; sourceTree = "<group>"; };
		9B1A53A52FB865ED009138E1 /* TextField+SelectAll.swift */ = {isa = PBXFileReference; lastKnownFileType = sourcecode.swift; path = "TextField+SelectAll.swift"; sourceTree = "<group>"; };
		9B1A53F12FB86771009138E1 /* View+if.swift */ = {isa = PBXFileReference; lastKnownFileType = sourcecode.swift; path = "View+if.swift"; sourceTree = "<group>"; };
		9B2E02D52E58FEED0087A5CB /* ComfyBrowser.app */ = {isa = PBXFileReference; explicitFileType = wrapper.application; includeInIndex = 0; path = ComfyBrowser.app; sourceTree = BUILT_PRODUCTS_DIR; };
		9B4B6E322FB91FD500CED910 /* SearchCoordinator.swift */ = {isa = PBXFileReference; lastKnownFileType = sourcecode.swift; path = SearchCoordinator.swift; sourceTree = "<group>"; };
		9B4B6ECD2FB9378E00CED910 /* FloatingOverlayPanel.swift */ = {isa = PBXFileReference; lastKnownFileType = sourcecode.swift; path = FloatingOverlayPanel.swift; sourceTree = "<group>"; };
		9B4B6F462FB961E200CED910 /* SearchSuggestionRowViewModel.swift */ = {isa = PBXFileReference; lastKnownFileType = sourcecode.swift; path = SearchSuggestionRowViewModel.swift; sourceTree = "<group>"; };
		9B4B6FB12FB99C8900CED910 /* NewTabSearchPanel.swift */ = {isa = PBXFileReference; lastKnownFileType = sourcecode.swift; path = NewTabSearchPanel.swift; sourceTree = "<group>"; };
		9B4EA9682ECE3D39002B570E /* Tab.swift */ = {isa = PBXFileReference; lastKnownFileType = sourcecode.swift; path = Tab.swift; sourceTree = "<group>"; };
		9B7555FA2FB9A7CD00E89B86 /* BrowserContentView.swift */ = {isa = PBXFileReference; lastKnownFileType = sourcecode.swift; path = BrowserContentView.swift; sourceTree = "<group>"; };
		9B7556622FBA386F00E89B86 /* View+readFrame.swift */ = {isa = PBXFileReference; lastKnownFileType = sourcecode.swift; path = "View+readFrame.swift"; sourceTree = "<group>"; };
		9B7556642FBA3FCD00E89B86 /* HoverBackground.swift */ = {isa = PBXFileReference; lastKnownFileType = sourcecode.swift; path = HoverBackground.swift; sourceTree = "<group>"; };
		9BC000052FB94D11009138E1 /* SearchSuggestion.swift */ = {isa = PBXFileReference; lastKnownFileType = sourcecode.swift; path = SearchSuggestion.swift; sourceTree = "<group>"; };
		9BC000062FB94D11009138E1 /* SearchSuggestionKind.swift */ = {isa = PBXFileReference; lastKnownFileType = sourcecode.swift; path = SearchSuggestionKind.swift; sourceTree = "<group>"; };
		9BC000072FB94D11009138E1 /* SearchQueryIntent.swift */ = {isa = PBXFileReference; lastKnownFileType = sourcecode.swift; path = SearchQueryIntent.swift; sourceTree = "<group>"; };
		9BC000082FB94D11009138E1 /* HistoryStore.swift */ = {isa = PBXFileReference; lastKnownFileType = sourcecode.swift; path = HistoryStore.swift; sourceTree = "<group>"; };
		9BC000092FB94D11009138E1 /* HistoryRecord.swift */ = {isa = PBXFileReference; lastKnownFileType = sourcecode.swift; path = HistoryRecord.swift; sourceTree = "<group>"; };
		9BC0000A2FB94D11009138E1 /* SearchSuggestionProvider.swift */ = {isa = PBXFileReference; lastKnownFileType = sourcecode.swift; path = SearchSuggestionProvider.swift; sourceTree = "<group>"; };
		9BC0000B2FB94D11009138E1 /* SuggestionIndex.swift */ = {isa = PBXFileReference; lastKnownFileType = sourcecode.swift; path = SuggestionIndex.swift; sourceTree = "<group>"; };
		9BC0000C2FB94D11009138E1 /* UserSearchResolver.swift */ = {isa = PBXFileReference; lastKnownFileType = sourcecode.swift; path = UserSearchResolver.swift; sourceTree = "<group>"; };
		9BC0000D2FB94D11009138E1 /* SearchSuggestionsList.swift */ = {isa = PBXFileReference; lastKnownFileType = sourcecode.swift; path = SearchSuggestionsList.swift; sourceTree = "<group>"; };
		9BC0000E2FB94D11009138E1 /* SearchSuggestionRow.swift */ = {isa = PBXFileReference; lastKnownFileType = sourcecode.swift; path = SearchSuggestionRow.swift; sourceTree = "<group>"; };
		9BC0001F2FB9532A009138E1 /* SearchSuggestionCollectionCoordinator.swift */ = {isa = PBXFileReference; lastKnownFileType = sourcecode.swift; path = SearchSuggestionCollectionCoordinator.swift; sourceTree = "<group>"; };
		9BC000202FB9532A009138E1 /* SearchSuggestionCollectionView.swift */ = {isa = PBXFileReference; lastKnownFileType = sourcecode.swift; path = SearchSuggestionCollectionView.swift; sourceTree = "<group>"; };
		9BC000212FB9532A009138E1 /* SearchSuggestionItem.swift */ = {isa = PBXFileReference; lastKnownFileType = sourcecode.swift; path = SearchSuggestionItem.swift; sourceTree = "<group>"; };
		9BC000222FB9532A009138E1 /* SearchSuggestionItemView.swift */ = {isa = PBXFileReference; lastKnownFileType = sourcecode.swift; path = SearchSuggestionItemView.swift; sourceTree = "<group>"; };
		9BC000232FB9532A009138E1 /* SearchSuggestionScrollView.swift */ = {isa = PBXFileReference; lastKnownFileType = sourcecode.swift; path = SearchSuggestionScrollView.swift; sourceTree = "<group>"; };
		9BC000292FB956AA009138E1 /* README.md */ = {isa = PBXFileReference; lastKnownFileType = net.daringfireball.markdown; path = README.md; sourceTree = "<group>"; };
		9BC0002B2FB96965009138E1 /* ComfyTextField.swift */ = {isa = PBXFileReference; lastKnownFileType = sourcecode.swift; path = ComfyTextField.swift; sourceTree = "<group>"; };
		9BD47D9D2ECD2B700081FD2F /* ComfyBrowserMacOS.app */ = {isa = PBXFileReference; explicitFileType = wrapper.application; includeInIndex = 0; path = ComfyBrowserMacOS.app; sourceTree = BUILT_PRODUCTS_DIR; };
		9BD47DA92ECD2B710081FD2F /* ComfyBrowserMacOSTests.xctest */ = {isa = PBXFileReference; explicitFileType = wrapper.cfbundle; includeInIndex = 0; path = ComfyBrowserMacOSTests.xctest; sourceTree = BUILT_PRODUCTS_DIR; };
		9BD47DB32ECD2B710081FD2F /* ComfyBrowserMacOSUITests.xctest */ = {isa = PBXFileReference; explicitFileType = wrapper.cfbundle; includeInIndex = 0; path = ComfyBrowserMacOSUITests.xctest; sourceTree = BUILT_PRODUCTS_DIR; };
/* End PBXFileReference section */

/* Begin PBXFileSystemSynchronizedRootGroup section */
		9B2E02D72E58FEED0087A5CB /* ComfyBrowser */ = {
			isa = PBXFileSystemSynchronizedRootGroup;
			path = ComfyBrowser;
			sourceTree = "<group>";
		};
/* End PBXFileSystemSynchronizedRootGroup section */

/* Begin PBXFrameworksBuildPhase section */
		9B2E02D22E58FEED0087A5CB /* Frameworks */ = {
			isa = PBXFrameworksBuildPhase;
			buildActionMask = 2147483647;
			files = (
			);
			runOnlyForDeploymentPostprocessing = 0;
		};
		9BD47D9A2ECD2B700081FD2F /* Frameworks */ = {
			isa = PBXFrameworksBuildPhase;
			buildActionMask = 2147483647;
			files = (
				9B1A52BC2FB82790009138E1 /* FaviconFinder in Frameworks */,
				9B1A52AC2FB7E34D009138E1 /* LocalShortcuts in Frameworks */,
				9B1D9BF82EF4EA2200A75C2B /* LocalShortcuts in Frameworks */,
			);
			runOnlyForDeploymentPostprocessing = 0;
		};
		9BD47DA62ECD2B710081FD2F /* Frameworks */ = {
			isa = PBXFrameworksBuildPhase;
			buildActionMask = 2147483647;
			files = (
			);
			runOnlyForDeploymentPostprocessing = 0;
		};
		9BD47DB02ECD2B710081FD2F /* Frameworks */ = {
			isa = PBXFrameworksBuildPhase;
			buildActionMask = 2147483647;
			files = (
			);
			runOnlyForDeploymentPostprocessing = 0;
		};
/* End PBXFrameworksBuildPhase section */

/* Begin PBXGroup section */
		9B1A53372FB85C2D009138E1 /* Extensions */ = {
			isa = PBXGroup;
			children = (
				9B7556622FBA386F00E89B86 /* View+readFrame.swift */,
				9B1A53F12FB86771009138E1 /* View+if.swift */,
				9B1A53342FB85C2D009138E1 /* URL.swift */,
				9B1A53352FB85C2D009138E1 /* View.swift */,
				9B1A53362FB85C2D009138E1 /* View+windowTitlebarArea.swift */,
			);
			path = Extensions;
			sourceTree = "<group>";
		};
		9B1A533A2FB85C2D009138E1 /* Browser */ = {
			isa = PBXGroup;
			children = (
				9B1A53382FB85C2D009138E1 /* BrowserCoordinator.swift */,
				9B1A53392FB85C2D009138E1 /* FaviconService.swift */,
			);
			path = Browser;
			sourceTree = "<group>";
		};
		9B1A533D2FB85C2D009138E1 /* Shortcuts */ = {
			isa = PBXGroup;
			children = (
				9B1A533B2FB85C2D009138E1 /* LocalShortcuts+Defaults.swift */,
				9B1A533C2FB85C2D009138E1 /* Shortcuts.swift */,
			);
			path = Shortcuts;
			sourceTree = "<group>";
		};
		9B1A533E2FB85C2D009138E1 /* Features */ = {
			isa = PBXGroup;
			children = (
				9B1A53A42FB865EC009138E1 /* macOS */,
				9B1A533A2FB85C2D009138E1 /* Browser */,
				9B1A533D2FB85C2D009138E1 /* Shortcuts */,
				9BC0000F2FB94D11009138E1 /* Search */,
			);
			path = Features;
			sourceTree = "<group>";
		};
		9B1A53402FB85C2D009138E1 /* ViewModels */ = {
			isa = PBXGroup;
			children = (
				9B1A533F2FB85C2D009138E1 /* ComfyBrowserViewModel.swift */,
			);
			path = ViewModels;
			sourceTree = "<group>";
		};
		9B1A534B2FB85C2D009138E1 /* Sidebar */ = {
			isa = PBXGroup;
			children = (
				9B1A53422FB85C2D009138E1 /* Sidebar.swift */,
				9B1A534A2FB85C2D009138E1 /* SidebarView.swift */,
				9B1A53482FB85C2D009138E1 /* SidebarScrollView.swift */,
				9B1A53442FB85C2D009138E1 /* SidebarCollectionView.swift */,
				9B1A53492FB85C2D009138E1 /* SidebarTabItem.swift */,
				9B1A53452FB85C2D009138E1 /* SidebarItemView.swift */,
				9B1A53462FB85C2D009138E1 /* SidebarRow.swift */,
				9B1A53432FB85C2D009138E1 /* SidebarCollectionCoordinator.swift */,
				9B1A53472FB85C2D009138E1 /* SidebarRowViewModel.swift */,
				9B1A53412FB85C2D009138E1 /* README.md */,
			);
			path = Sidebar;
			sourceTree = "<group>";
		};
		9B1A53502FB85C2D009138E1 /* Views */ = {
			isa = PBXGroup;
			children = (
				9B7555F92FB9A68C00E89B86 /* Browser */,
				9B4B6FAE2FB99B3200CED910 /* Search */,
				9B1A534B2FB85C2D009138E1 /* Sidebar */,
				9BC0002D2FB96965009138E1 /* Components */,
				9B1A534C2FB85C2D009138E1 /* ComfyBrowserRoot.swift */,
			);
			path = Views;
			sourceTree = "<group>";
		};
		9B1A53542FB85C2D009138E1 /* ComfyBrowserMacOS */ = {
			isa = PBXGroup;
			children = (
				9B1A53372FB85C2D009138E1 /* Extensions */,
				9B1A533E2FB85C2D009138E1 /* Features */,
				9B1A53402FB85C2D009138E1 /* ViewModels */,
				9B1A53502FB85C2D009138E1 /* Views */,
				9B1A53512FB85C2D009138E1 /* Assets.xcassets */,
				9B1A53522FB85C2D009138E1 /* ComfyBrowserMacOSApp.swift */,
				9B1A53532FB85C2D009138E1 /* SidebarTracker.swift */,
			);
			path = ComfyBrowserMacOS;
			sourceTree = "<group>";
		};
		9B1A53A42FB865EC009138E1 /* macOS */ = {
			isa = PBXGroup;
			children = (
				9B1A53A52FB865ED009138E1 /* TextField+SelectAll.swift */,
			);
			path = macOS;
			sourceTree = "<group>";
		};
		9B2E02CC2E58FEED0087A5CB = {
			isa = PBXGroup;
			children = (
				9B4EA9622ECE3D26002B570E /* Shared */,
				9B2E02D72E58FEED0087A5CB /* ComfyBrowser */,
				9B1A53542FB85C2D009138E1 /* ComfyBrowserMacOS */,
				9B2E02D62E58FEED0087A5CB /* Products */,
			);
			sourceTree = "<group>";
		};
		9B2E02D62E58FEED0087A5CB /* Products */ = {
			isa = PBXGroup;
			children = (
				9B2E02D52E58FEED0087A5CB /* ComfyBrowser.app */,
				9BD47D9D2ECD2B700081FD2F /* ComfyBrowserMacOS.app */,
				9BD47DA92ECD2B710081FD2F /* ComfyBrowserMacOSTests.xctest */,
				9BD47DB32ECD2B710081FD2F /* ComfyBrowserMacOSUITests.xctest */,
			);
			name = Products;
			sourceTree = "<group>";
		};
		9B4B6FAE2FB99B3200CED910 /* Search */ = {
			isa = PBXGroup;
			children = (
				9BC0000D2FB94D11009138E1 /* SearchSuggestionsList.swift */,
				9BC000232FB9532A009138E1 /* SearchSuggestionScrollView.swift */,
				9BC000202FB9532A009138E1 /* SearchSuggestionCollectionView.swift */,
				9BC000212FB9532A009138E1 /* SearchSuggestionItem.swift */,
				9BC000222FB9532A009138E1 /* SearchSuggestionItemView.swift */,
				9BC0000E2FB94D11009138E1 /* SearchSuggestionRow.swift */,
				9BC0001F2FB9532A009138E1 /* SearchSuggestionCollectionCoordinator.swift */,
				9B4B6F462FB961E200CED910 /* SearchSuggestionRowViewModel.swift */,
				9BC000292FB956AA009138E1 /* README.md */,
			);
			path = Search;
			sourceTree = "<group>";
		};
		9B4EA9622ECE3D26002B570E /* Shared */ = {
			isa = PBXGroup;
			children = (
				9B4EA9692ECE3D39002B570E /* Models */,
			);
			path = Shared;
			sourceTree = "<group>";
		};
		9B4EA9692ECE3D39002B570E /* Models */ = {
			isa = PBXGroup;
			children = (
				9B1A52AE2FB7E811009138E1 /* SearchEngine.swift */,
				9B4EA9682ECE3D39002B570E /* Tab.swift */,
			);
			path = Models;
			sourceTree = "<group>";
		};
		9B7555F92FB9A68C00E89B86 /* Browser */ = {
			isa = PBXGroup;
			children = (
				9B7555FA2FB9A7CD00E89B86 /* BrowserContentView.swift */,
				9B1A534E2FB85C2D009138E1 /* TopBar.swift */,
				9B1A534F2FB85C2D009138E1 /* WebView.swift */,
				9B4B6FB12FB99C8900CED910 /* NewTabSearchPanel.swift */,
			);
			path = Browser;
			sourceTree = "<group>";
		};
		9BC0000F2FB94D11009138E1 /* Search */ = {
			isa = PBXGroup;
			children = (
				9BC000102FB94D11009138E1 /* Models */,
				9BC000112FB94D11009138E1 /* Stores */,
				9BC000122FB94D11009138E1 /* Services */,
				9B4B6E322FB91FD500CED910 /* SearchCoordinator.swift */,
			);
			path = Search;
			sourceTree = "<group>";
		};
		9BC000102FB94D11009138E1 /* Models */ = {
			isa = PBXGroup;
			children = (
				9BC000052FB94D11009138E1 /* SearchSuggestion.swift */,
				9BC000062FB94D11009138E1 /* SearchSuggestionKind.swift */,
				9BC000072FB94D11009138E1 /* SearchQueryIntent.swift */,
				9BC000092FB94D11009138E1 /* HistoryRecord.swift */,
			);
			path = Models;
			sourceTree = "<group>";
		};
		9BC000112FB94D11009138E1 /* Stores */ = {
			isa = PBXGroup;
			children = (
				9BC000082FB94D11009138E1 /* HistoryStore.swift */,
			);
			path = Stores;
			sourceTree = "<group>";
		};
		9BC000122FB94D11009138E1 /* Services */ = {
			isa = PBXGroup;
			children = (
				9BC0000A2FB94D11009138E1 /* SearchSuggestionProvider.swift */,
				9BC0000B2FB94D11009138E1 /* SuggestionIndex.swift */,
				9BC0000C2FB94D11009138E1 /* UserSearchResolver.swift */,
			);
			path = Services;
			sourceTree = "<group>";
		};
		9BC0002D2FB96965009138E1 /* Components */ = {
			isa = PBXGroup;
			children = (
				9B7556642FBA3FCD00E89B86 /* HoverBackground.swift */,
				9B4B6ECD2FB9378E00CED910 /* FloatingOverlayPanel.swift */,
				9BC0002B2FB96965009138E1 /* ComfyTextField.swift */,
				9B1A534D2FB85C2D009138E1 /* SidebarIcon.swift */,
			);
			path = Components;
			sourceTree = "<group>";
		};
/* End PBXGroup section */

/* Begin PBXNativeTarget section */
		9B2E02D42E58FEED0087A5CB /* ComfyBrowser */ = {
			isa = PBXNativeTarget;
			buildConfigurationList = 9B2E02E12E58FEEF0087A5CB /* Build configuration list for PBXNativeTarget "ComfyBrowser" */;
			buildPhases = (
				9B2E02D12E58FEED0087A5CB /* Sources */,
				9B2E02D22E58FEED0087A5CB /* Frameworks */,
				9B2E02D32E58FEED0087A5CB /* Resources */,
			);
			buildRules = (
			);
			dependencies = (
			);
			fileSystemSynchronizedGroups = (
				9B2E02D72E58FEED0087A5CB /* ComfyBrowser */,
			);
			name = ComfyBrowser;
			packageProductDependencies = (
			);
			productName = ComfyBrowser;
			productReference = 9B2E02D52E58FEED0087A5CB /* ComfyBrowser.app */;
			productType = "com.apple.product-type.application";
		};
		9BD47D9C2ECD2B700081FD2F /* ComfyBrowserMacOS */ = {
			isa = PBXNativeTarget;
			buildConfigurationList = 9BD47DC12ECD2B710081FD2F /* Build configuration list for PBXNativeTarget "ComfyBrowserMacOS" */;
			buildPhases = (
				9BD47D992ECD2B700081FD2F /* Sources */,
				9BD47D9A2ECD2B700081FD2F /* Frameworks */,
				9BD47D9B2ECD2B700081FD2F /* Resources */,
			);
			buildRules = (
			);
			dependencies = (
			);
			name = ComfyBrowserMacOS;
			packageProductDependencies = (
				9B1D9BF72EF4EA2200A75C2B /* LocalShortcuts */,
				9B1A52AB2FB7E34D009138E1 /* LocalShortcuts */,
				9B1A52BB2FB82790009138E1 /* FaviconFinder */,
			);
			productName = ComfyBrowserMacOS;
			productReference = 9BD47D9D2ECD2B700081FD2F /* ComfyBrowserMacOS.app */;
			productType = "com.apple.product-type.application";
		};
		9BD47DA82ECD2B710081FD2F /* ComfyBrowserMacOSTests */ = {
			isa = PBXNativeTarget;
			buildConfigurationList = 9BD47DC22ECD2B710081FD2F /* Build configuration list for PBXNativeTarget "ComfyBrowserMacOSTests" */;
			buildPhases = (
				9BD47DA52ECD2B710081FD2F /* Sources */,
				9BD47DA62ECD2B710081FD2F /* Frameworks */,
				9BD47DA72ECD2B710081FD2F /* Resources */,
			);
			buildRules = (
			);
			dependencies = (
				9BD47DAB2ECD2B710081FD2F /* PBXTargetDependency */,
			);
			name = ComfyBrowserMacOSTests;
			packageProductDependencies = (
			);
			productName = ComfyBrowserMacOSTests;
			productReference = 9BD47DA92ECD2B710081FD2F /* ComfyBrowserMacOSTests.xctest */;
			productType = "com.apple.product-type.bundle.unit-test";
		};
		9BD47DB22ECD2B710081FD2F /* ComfyBrowserMacOSUITests */ = {
			isa = PBXNativeTarget;
			buildConfigurationList = 9BD47DC32ECD2B710081FD2F /* Build configuration list for PBXNativeTarget "ComfyBrowserMacOSUITests" */;
			buildPhases = (
				9BD47DAF2ECD2B710081FD2F /* Sources */,
				9BD47DB02ECD2B710081FD2F /* Frameworks */,
				9BD47DB12ECD2B710081FD2F /* Resources */,
			);
			buildRules = (
			);
			dependencies = (
				9BD47DB52ECD2B710081FD2F /* PBXTargetDependency */,
			);
			name = ComfyBrowserMacOSUITests;
			packageProductDependencies = (
			);
			productName = ComfyBrowserMacOSUITests;
			productReference = 9BD47DB32ECD2B710081FD2F /* ComfyBrowserMacOSUITests.xctest */;
			productType = "com.apple.product-type.bundle.ui-testing";
		};
/* End PBXNativeTarget section */

/* Begin PBXProject section */
		9B2E02CD2E58FEED0087A5CB /* Project object */ = {
			isa = PBXProject;
			attributes = {
				BuildIndependentTargetsInParallel = 1;
				LastSwiftUpdateCheck = 2600;
				LastUpgradeCheck = 2630;
				TargetAttributes = {
					9B2E02D42E58FEED0087A5CB = {
						CreatedOnToolsVersion = 16.4;
					};
					9BD47D9C2ECD2B700081FD2F = {
						CreatedOnToolsVersion = 26.0;
					};
					9BD47DA82ECD2B710081FD2F = {
						CreatedOnToolsVersion = 26.0;
						TestTargetID = 9BD47D9C2ECD2B700081FD2F;
					};
					9BD47DB22ECD2B710081FD2F = {
						CreatedOnToolsVersion = 26.0;
						TestTargetID = 9BD47D9C2ECD2B700081FD2F;
					};
				};
			};
			buildConfigurationList = 9B2E02D02E58FEED0087A5CB /* Build configuration list for PBXProject "ComfyBrowser" */;
			developmentRegion = en;
			hasScannedForEncodings = 0;
			knownRegions = (
				en,
				Base,
			);
			mainGroup = 9B2E02CC2E58FEED0087A5CB;
			minimizedProjectReferenceProxies = 1;
			packageReferences = (
				9B1A52AA2FB7E34D009138E1 /* XCRemoteSwiftPackageReference "LocalShortcuts" */,
				9B1A52BA2FB82790009138E1 /* XCRemoteSwiftPackageReference "FaviconFinder" */,
			);
			preferredProjectObjectVersion = 77;
			productRefGroup = 9B2E02D62E58FEED0087A5CB /* Products */;
			projectDirPath = "";
			projectRoot = "";
			targets = (
				9B2E02D42E58FEED0087A5CB /* ComfyBrowser */,
				9BD47D9C2ECD2B700081FD2F /* ComfyBrowserMacOS */,
				9BD47DA82ECD2B710081FD2F /* ComfyBrowserMacOSTests */,
				9BD47DB22ECD2B710081FD2F /* ComfyBrowserMacOSUITests */,
			);
		};
/* End PBXProject section */

/* Begin PBXResourcesBuildPhase section */
		9B2E02D32E58FEED0087A5CB /* Resources */ = {
			isa = PBXResourcesBuildPhase;
			buildActionMask = 2147483647;
			files = (
			);
			runOnlyForDeploymentPostprocessing = 0;
		};
		9BD47D9B2ECD2B700081FD2F /* Resources */ = {
			isa = PBXResourcesBuildPhase;
			buildActionMask = 2147483647;
			files = (
				9B1A536C2FB85C2D009138E1 /* README.md in Resources */,
				9B1A536D2FB85C2D009138E1 /* Assets.xcassets in Resources */,
			);
			runOnlyForDeploymentPostprocessing = 0;
		};
		9BD47DA72ECD2B710081FD2F /* Resources */ = {
			isa = PBXResourcesBuildPhase;
			buildActionMask = 2147483647;
			files = (
			);
			runOnlyForDeploymentPostprocessing = 0;
		};
		9BD47DB12ECD2B710081FD2F /* Resources */ = {
			isa = PBXResourcesBuildPhase;
			buildActionMask = 2147483647;
			files = (
			);
			runOnlyForDeploymentPostprocessing = 0;
		};
/* End PBXResourcesBuildPhase section */

/* Begin PBXSourcesBuildPhase section */
		9B2E02D12E58FEED0087A5CB /* Sources */ = {
			isa = PBXSourcesBuildPhase;
			buildActionMask = 2147483647;
			files = (
				9B4EA96A2ECE3D39002B570E /* Tab.swift in Sources */,
				9B1A52B02FB7EBA3009138E1 /* SearchEngine.swift in Sources */,
			);
			runOnlyForDeploymentPostprocessing = 0;
		};
		9BD47D992ECD2B700081FD2F /* Sources */ = {
			isa = PBXSourcesBuildPhase;
			buildActionMask = 2147483647;
			files = (
				9B1A53552FB85C2D009138E1 /* URL.swift in Sources */,
				9B1A53562FB85C2D009138E1 /* View.swift in Sources */,
				9B1A53572FB85C2D009138E1 /* View+windowTitlebarArea.swift in Sources */,
				9B4B6F472FB961E200CED910 /* SearchSuggestionRowViewModel.swift in Sources */,
				9B1A53582FB85C2D009138E1 /* BrowserCoordinator.swift in Sources */,
				9B1A53592FB85C2D009138E1 /* FaviconService.swift in Sources */,
				9B7556652FBA3FCD00E89B86 /* HoverBackground.swift in Sources */,
				9B1A535A2FB85C2D009138E1 /* LocalShortcuts+Defaults.swift in Sources */,
				9B1A535B2FB85C2D009138E1 /* Shortcuts.swift in Sources */,
				9B1A535C2FB85C2D009138E1 /* ComfyBrowserViewModel.swift in Sources */,
				9B4B6E332FB91FD900CED910 /* SearchCoordinator.swift in Sources */,
				9B1A535D2FB85C2D009138E1 /* Sidebar.swift in Sources */,
				9B1A535E2FB85C2D009138E1 /* SidebarCollectionCoordinator.swift in Sources */,
				9B1A535F2FB85C2D009138E1 /* SidebarCollectionView.swift in Sources */,
				9B1A53602FB85C2D009138E1 /* SidebarItemView.swift in Sources */,
				9B1A53612FB85C2D009138E1 /* SidebarRow.swift in Sources */,
				9B4B6ECE2FB9378E00CED910 /* FloatingOverlayPanel.swift in Sources */,
				9B1A53622FB85C2D009138E1 /* SidebarRowViewModel.swift in Sources */,
				9B1A53632FB85C2D009138E1 /* SidebarScrollView.swift in Sources */,
				9B1A53642FB85C2D009138E1 /* SidebarTabItem.swift in Sources */,
				9B1A53F22FB86771009138E1 /* View+if.swift in Sources */,
				9B1A53652FB85C2D009138E1 /* SidebarView.swift in Sources */,
				9B1A53662FB85C2D009138E1 /* ComfyBrowserRoot.swift in Sources */,
				9B1A53672FB85C2D009138E1 /* SidebarIcon.swift in Sources */,
				9B1A53682FB85C2D009138E1 /* TopBar.swift in Sources */,
				9B1A53692FB85C2D009138E1 /* WebView.swift in Sources */,
				9B1A53A62FB865F6009138E1 /* TextField+SelectAll.swift in Sources */,
				9BC0002C2FB96965009138E1 /* ComfyTextField.swift in Sources */,
				9BC000152FB94D11009138E1 /* SearchSuggestion.swift in Sources */,
				9BC000162FB94D11009138E1 /* SearchSuggestionKind.swift in Sources */,
				9BC000172FB94D11009138E1 /* SearchQueryIntent.swift in Sources */,
				9BC000182FB94D11009138E1 /* HistoryStore.swift in Sources */,
				9BC000192FB94D11009138E1 /* HistoryRecord.swift in Sources */,
				9BC0001A2FB94D11009138E1 /* SearchSuggestionProvider.swift in Sources */,
				9BC0001B2FB94D11009138E1 /* SuggestionIndex.swift in Sources */,
				9BC0001C2FB94D11009138E1 /* UserSearchResolver.swift in Sources */,
				9BC0001D2FB94D11009138E1 /* SearchSuggestionsList.swift in Sources */,
				9BC0001E2FB94D11009138E1 /* SearchSuggestionRow.swift in Sources */,
				9BC000242FB9532A009138E1 /* SearchSuggestionCollectionCoordinator.swift in Sources */,
				9B7556632FBA387200E89B86 /* View+readFrame.swift in Sources */,
				9BC000252FB9532A009138E1 /* SearchSuggestionCollectionView.swift in Sources */,
				9BC000262FB9532A009138E1 /* SearchSuggestionItem.swift in Sources */,
				9BC000272FB9532A009138E1 /* SearchSuggestionItemView.swift in Sources */,
				9BC000282FB9532A009138E1 /* SearchSuggestionScrollView.swift in Sources */,
				9B1A536A2FB85C2D009138E1 /* ComfyBrowserMacOSApp.swift in Sources */,
				9B1A536B2FB85C2D009138E1 /* SidebarTracker.swift in Sources */,
				9B4B6FB22FB99C8C00CED910 /* NewTabSearchPanel.swift in Sources */,
				9B7555FB2FB9A7CD00E89B86 /* BrowserContentView.swift in Sources */,
				9B1A52AF2FB7E811009138E1 /* SearchEngine.swift in Sources */,
				9B4EA96B2ECE3D39002B570E /* Tab.swift in Sources */,
			);
			runOnlyForDeploymentPostprocessing = 0;
		};
		9BD47DA52ECD2B710081FD2F /* Sources */ = {
			isa = PBXSourcesBuildPhase;
			buildActionMask = 2147483647;
			files = (
			);
			runOnlyForDeploymentPostprocessing = 0;
		};
		9BD47DAF2ECD2B710081FD2F /* Sources */ = {
			isa = PBXSourcesBuildPhase;
			buildActionMask = 2147483647;
			files = (
			);
			runOnlyForDeploymentPostprocessing = 0;
		};
/* End PBXSourcesBuildPhase section */

/* Begin PBXTargetDependency section */
		9BD47DAB2ECD2B710081FD2F /* PBXTargetDependency */ = {
			isa = PBXTargetDependency;
			target = 9BD47D9C2ECD2B700081FD2F /* ComfyBrowserMacOS */;
			targetProxy = 9BD47DAA2ECD2B710081FD2F /* PBXContainerItemProxy */;
		};
		9BD47DB52ECD2B710081FD2F /* PBXTargetDependency */ = {
			isa = PBXTargetDependency;
			target = 9BD47D9C2ECD2B700081FD2F /* ComfyBrowserMacOS */;
			targetProxy = 9BD47DB42ECD2B710081FD2F /* PBXContainerItemProxy */;
		};
/* End PBXTargetDependency section */

/* Begin XCBuildConfiguration section */
		9B2E02DF2E58FEEF0087A5CB /* Debug */ = {
			isa = XCBuildConfiguration;
			buildSettings = {
				ALWAYS_SEARCH_USER_PATHS = NO;
				ASSETCATALOG_COMPILER_GENERATE_SWIFT_ASSET_SYMBOL_EXTENSIONS = YES;
				CLANG_ANALYZER_NONNULL = YES;
				CLANG_ANALYZER_NUMBER_OBJECT_CONVERSION = YES_AGGRESSIVE;
				CLANG_CXX_LANGUAGE_STANDARD = "gnu++20";
				CLANG_ENABLE_MODULES = YES;
				CLANG_ENABLE_OBJC_ARC = YES;
				CLANG_ENABLE_OBJC_WEAK = YES;
				CLANG_WARN_BLOCK_CAPTURE_AUTORELEASING = YES;
				CLANG_WARN_BOOL_CONVERSION = YES;
				CLANG_WARN_COMMA = YES;
				CLANG_WARN_CONSTANT_CONVERSION = YES;
				CLANG_WARN_DEPRECATED_OBJC_IMPLEMENTATIONS = YES;
				CLANG_WARN_DIRECT_OBJC_ISA_USAGE = YES_ERROR;
				CLANG_WARN_DOCUMENTATION_COMMENTS = YES;
				CLANG_WARN_EMPTY_BODY = YES;
				CLANG_WARN_ENUM_CONVERSION = YES;
				CLANG_WARN_INFINITE_RECURSION = YES;
				CLANG_WARN_INT_CONVERSION = YES;
				CLANG_WARN_NON_LITERAL_NULL_CONVERSION = YES;
				CLANG_WARN_OBJC_IMPLICIT_RETAIN_SELF = YES;
				CLANG_WARN_OBJC_LITERAL_CONVERSION = YES;
				CLANG_WARN_OBJC_ROOT_CLASS = YES_ERROR;
				CLANG_WARN_QUOTED_INCLUDE_IN_FRAMEWORK_HEADER = YES;
				CLANG_WARN_RANGE_LOOP_ANALYSIS = YES;
				CLANG_WARN_STRICT_PROTOTYPES = YES;
				CLANG_WARN_SUSPICIOUS_MOVE = YES;
				CLANG_WARN_UNGUARDED_AVAILABILITY = YES_AGGRESSIVE;
				CLANG_WARN_UNREACHABLE_CODE = YES;
				CLANG_WARN__DUPLICATE_METHOD_MATCH = YES;
				COPY_PHASE_STRIP = NO;
				DEAD_CODE_STRIPPING = YES;
				DEBUG_INFORMATION_FORMAT = dwarf;
				DEVELOPMENT_TEAM = B9P888266K;
				ENABLE_STRICT_OBJC_MSGSEND = YES;
				ENABLE_TESTABILITY = YES;
				ENABLE_USER_SCRIPT_SANDBOXING = YES;
				GCC_C_LANGUAGE_STANDARD = gnu17;
				GCC_DYNAMIC_NO_PIC = NO;
				GCC_NO_COMMON_BLOCKS = YES;
				GCC_OPTIMIZATION_LEVEL = 0;
				GCC_PREPROCESSOR_DEFINITIONS = (
					"DEBUG=1",
					"$(inherited)",
				);
				GCC_WARN_64_TO_32_BIT_CONVERSION = YES;
				GCC_WARN_ABOUT_RETURN_TYPE = YES_ERROR;
				GCC_WARN_UNDECLARED_SELECTOR = YES;
				GCC_WARN_UNINITIALIZED_AUTOS = YES_AGGRESSIVE;
				GCC_WARN_UNUSED_FUNCTION = YES;
				GCC_WARN_UNUSED_VARIABLE = YES;
				LOCALIZATION_PREFERS_STRING_CATALOGS = YES;
				MTL_ENABLE_DEBUG_INFO = INCLUDE_SOURCE;
				MTL_FAST_MATH = YES;
				ONLY_ACTIVE_ARCH = YES;
				STRING_CATALOG_GENERATE_SYMBOLS = YES;
				SWIFT_ACTIVE_COMPILATION_CONDITIONS = "DEBUG $(inherited)";
				SWIFT_OPTIMIZATION_LEVEL = "-Onone";
			};
			name = Debug;
		};
		9B2E02E02E58FEEF0087A5CB /* Release */ = {
			isa = XCBuildConfiguration;
			buildSettings = {
				ALWAYS_SEARCH_USER_PATHS = NO;
				ASSETCATALOG_COMPILER_GENERATE_SWIFT_ASSET_SYMBOL_EXTENSIONS = YES;
				CLANG_ANALYZER_NONNULL = YES;
				CLANG_ANALYZER_NUMBER_OBJECT_CONVERSION = YES_AGGRESSIVE;
				CLANG_CXX_LANGUAGE_STANDARD = "gnu++20";
				CLANG_ENABLE_MODULES = YES;
				CLANG_ENABLE_OBJC_ARC = YES;
				CLANG_ENABLE_OBJC_WEAK = YES;
				CLANG_WARN_BLOCK_CAPTURE_AUTORELEASING = YES;
				CLANG_WARN_BOOL_CONVERSION = YES;
				CLANG_WARN_COMMA = YES;
				CLANG_WARN_CONSTANT_CONVERSION = YES;
				CLANG_WARN_DEPRECATED_OBJC_IMPLEMENTATIONS = YES;
				CLANG_WARN_DIRECT_OBJC_ISA_USAGE = YES_ERROR;
				CLANG_WARN_DOCUMENTATION_COMMENTS = YES;
				CLANG_WARN_EMPTY_BODY = YES;
				CLANG_WARN_ENUM_CONVERSION = YES;
				CLANG_WARN_INFINITE_RECURSION = YES;
				CLANG_WARN_INT_CONVERSION = YES;
				CLANG_WARN_NON_LITERAL_NULL_CONVERSION = YES;
				CLANG_WARN_OBJC_IMPLICIT_RETAIN_SELF = YES;
				CLANG_WARN_OBJC_LITERAL_CONVERSION = YES;
				CLANG_WARN_OBJC_ROOT_CLASS = YES_ERROR;
				CLANG_WARN_QUOTED_INCLUDE_IN_FRAMEWORK_HEADER = YES;
				CLANG_WARN_RANGE_LOOP_ANALYSIS = YES;
				CLANG_WARN_STRICT_PROTOTYPES = YES;
				CLANG_WARN_SUSPICIOUS_MOVE = YES;
				CLANG_WARN_UNGUARDED_AVAILABILITY = YES_AGGRESSIVE;
				CLANG_WARN_UNREACHABLE_CODE = YES;
				CLANG_WARN__DUPLICATE_METHOD_MATCH = YES;
				COPY_PHASE_STRIP = NO;
				DEAD_CODE_STRIPPING = YES;
				DEBUG_INFORMATION_FORMAT = "dwarf-with-dsym";
				DEVELOPMENT_TEAM = B9P888266K;
				ENABLE_NS_ASSERTIONS = NO;
				ENABLE_STRICT_OBJC_MSGSEND = YES;
				ENABLE_USER_SCRIPT_SANDBOXING = YES;
				GCC_C_LANGUAGE_STANDARD = gnu17;
				GCC_NO_COMMON_BLOCKS = YES;
				GCC_WARN_64_TO_32_BIT_CONVERSION = YES;
				GCC_WARN_ABOUT_RETURN_TYPE = YES_ERROR;
				GCC_WARN_UNDECLARED_SELECTOR = YES;
				GCC_WARN_UNINITIALIZED_AUTOS = YES_AGGRESSIVE;
				GCC_WARN_UNUSED_FUNCTION = YES;
				GCC_WARN_UNUSED_VARIABLE = YES;
				LOCALIZATION_PREFERS_STRING_CATALOGS = YES;
				MTL_ENABLE_DEBUG_INFO = NO;
				MTL_FAST_MATH = YES;
				STRING_CATALOG_GENERATE_SYMBOLS = YES;
				SWIFT_COMPILATION_MODE = wholemodule;
			};
			name = Release;
		};
		9B2E02E22E58FEEF0087A5CB /* Debug */ = {
			isa = XCBuildConfiguration;
			buildSettings = {
				ASSETCATALOG_COMPILER_APPICON_NAME = AppIcon;
				ASSETCATALOG_COMPILER_GLOBAL_ACCENT_COLOR_NAME = AccentColor;
				CODE_SIGN_ENTITLEMENTS = ComfyBrowser/ComfyBrowser.entitlements;
				CODE_SIGN_STYLE = Automatic;
				CURRENT_PROJECT_VERSION = 1;
				DEAD_CODE_STRIPPING = YES;
				DEVELOPMENT_TEAM = B9P888266K;
				ENABLE_APP_SANDBOX = YES;
				ENABLE_HARDENED_RUNTIME = YES;
				ENABLE_PREVIEWS = YES;
				ENABLE_USER_SELECTED_FILES = readonly;
				GENERATE_INFOPLIST_FILE = YES;
				"INFOPLIST_KEY_UIApplicationSceneManifest_Generation[sdk=iphoneos*]" = YES;
				"INFOPLIST_KEY_UIApplicationSceneManifest_Generation[sdk=iphonesimulator*]" = YES;
				"INFOPLIST_KEY_UIApplicationSupportsIndirectInputEvents[sdk=iphoneos*]" = YES;
				"INFOPLIST_KEY_UIApplicationSupportsIndirectInputEvents[sdk=iphonesimulator*]" = YES;
				"INFOPLIST_KEY_UILaunchScreen_Generation[sdk=iphoneos*]" = YES;
				"INFOPLIST_KEY_UILaunchScreen_Generation[sdk=iphonesimulator*]" = YES;
				"INFOPLIST_KEY_UIStatusBarStyle[sdk=iphoneos*]" = UIStatusBarStyleDefault;
				"INFOPLIST_KEY_UIStatusBarStyle[sdk=iphonesimulator*]" = UIStatusBarStyleDefault;
				INFOPLIST_KEY_UISupportedInterfaceOrientations_iPad = "UIInterfaceOrientationPortrait UIInterfaceOrientationPortraitUpsideDown UIInterfaceOrientationLandscapeLeft UIInterfaceOrientationLandscapeRight";
				INFOPLIST_KEY_UISupportedInterfaceOrientations_iPhone = "UIInterfaceOrientationPortrait UIInterfaceOrientationLandscapeLeft UIInterfaceOrientationLandscapeRight";
				IPHONEOS_DEPLOYMENT_TARGET = 18.5;
				LD_RUNPATH_SEARCH_PATHS = "@executable_path/Frameworks";
				"LD_RUNPATH_SEARCH_PATHS[sdk=macosx*]" = "@executable_path/../Frameworks";
				MACOSX_DEPLOYMENT_TARGET = 15.5;
				MARKETING_VERSION = 1.0;
				PRODUCT_BUNDLE_IDENTIFIER = com.aryanrogye.ComfyBrowser;
				PRODUCT_NAME = "$(TARGET_NAME)";
				REGISTER_APP_GROUPS = YES;
				SDKROOT = auto;
				SUPPORTED_PLATFORMS = "iphoneos iphonesimulator macosx xros xrsimulator";
				SWIFT_EMIT_LOC_STRINGS = YES;
				SWIFT_VERSION = 5.0;
				TARGETED_DEVICE_FAMILY = "1,2,7";
				XROS_DEPLOYMENT_TARGET = 2.5;
			};
			name = Debug;
		};
		9B2E02E32E58FEEF0087A5CB /* Release */ = {
			isa = XCBuildConfiguration;
			buildSettings = {
				ASSETCATALOG_COMPILER_APPICON_NAME = AppIcon;
				ASSETCATALOG_COMPILER_GLOBAL_ACCENT_COLOR_NAME = AccentColor;
				CODE_SIGN_ENTITLEMENTS = ComfyBrowser/ComfyBrowser.entitlements;
				CODE_SIGN_STYLE = Automatic;
				CURRENT_PROJECT_VERSION = 1;
				DEAD_CODE_STRIPPING = YES;
				DEVELOPMENT_TEAM = B9P888266K;
				ENABLE_APP_SANDBOX = YES;
				ENABLE_HARDENED_RUNTIME = YES;
				ENABLE_PREVIEWS = YES;
				ENABLE_USER_SELECTED_FILES = readonly;
				GENERATE_INFOPLIST_FILE = YES;
				"INFOPLIST_KEY_UIApplicationSceneManifest_Generation[sdk=iphoneos*]" = YES;
				"INFOPLIST_KEY_UIApplicationSceneManifest_Generation[sdk=iphonesimulator*]" = YES;
				"INFOPLIST_KEY_UIApplicationSupportsIndirectInputEvents[sdk=iphoneos*]" = YES;
				"INFOPLIST_KEY_UIApplicationSupportsIndirectInputEvents[sdk=iphonesimulator*]" = YES;
				"INFOPLIST_KEY_UILaunchScreen_Generation[sdk=iphoneos*]" = YES;
				"INFOPLIST_KEY_UILaunchScreen_Generation[sdk=iphonesimulator*]" = YES;
				"INFOPLIST_KEY_UIStatusBarStyle[sdk=iphoneos*]" = UIStatusBarStyleDefault;
				"INFOPLIST_KEY_UIStatusBarStyle[sdk=iphonesimulator*]" = UIStatusBarStyleDefault;
				INFOPLIST_KEY_UISupportedInterfaceOrientations_iPad = "UIInterfaceOrientationPortrait UIInterfaceOrientationPortraitUpsideDown UIInterfaceOrientationLandscapeLeft UIInterfaceOrientationLandscapeRight";
				INFOPLIST_KEY_UISupportedInterfaceOrientations_iPhone = "UIInterfaceOrientationPortrait UIInterfaceOrientationLandscapeLeft UIInterfaceOrientationLandscapeRight";
				IPHONEOS_DEPLOYMENT_TARGET = 18.5;
				LD_RUNPATH_SEARCH_PATHS = "@executable_path/Frameworks";
				"LD_RUNPATH_SEARCH_PATHS[sdk=macosx*]" = "@executable_path/../Frameworks";
				MACOSX_DEPLOYMENT_TARGET = 15.5;
				MARKETING_VERSION = 1.0;
				PRODUCT_BUNDLE_IDENTIFIER = com.aryanrogye.ComfyBrowser;
				PRODUCT_NAME = "$(TARGET_NAME)";
				REGISTER_APP_GROUPS = YES;
				SDKROOT = auto;
				SUPPORTED_PLATFORMS = "iphoneos iphonesimulator macosx xros xrsimulator";
				SWIFT_EMIT_LOC_STRINGS = YES;
				SWIFT_VERSION = 5.0;
				TARGETED_DEVICE_FAMILY = "1,2,7";
				XROS_DEPLOYMENT_TARGET = 2.5;
			};
			name = Release;
		};
		9BD47DBB2ECD2B710081FD2F /* Debug */ = {
			isa = XCBuildConfiguration;
			buildSettings = {
				ASSETCATALOG_COMPILER_APPICON_NAME = AppIcon;
				ASSETCATALOG_COMPILER_GLOBAL_ACCENT_COLOR_NAME = AccentColor;
				CODE_SIGN_STYLE = Automatic;
				COMBINE_HIDPI_IMAGES = YES;
				CURRENT_PROJECT_VERSION = 1;
				DEAD_CODE_STRIPPING = YES;
				DEVELOPMENT_TEAM = B9P888266K;
				ENABLE_APP_SANDBOX = YES;
				ENABLE_HARDENED_RUNTIME = YES;
				ENABLE_INCOMING_NETWORK_CONNECTIONS = YES;
				ENABLE_OUTGOING_NETWORK_CONNECTIONS = YES;
				ENABLE_PREVIEWS = YES;
				ENABLE_RESOURCE_ACCESS_AUDIO_INPUT = NO;
				ENABLE_RESOURCE_ACCESS_BLUETOOTH = NO;
				ENABLE_RESOURCE_ACCESS_CALENDARS = NO;
				ENABLE_RESOURCE_ACCESS_CAMERA = NO;
				ENABLE_RESOURCE_ACCESS_CONTACTS = NO;
				ENABLE_RESOURCE_ACCESS_LOCATION = NO;
				ENABLE_RESOURCE_ACCESS_PRINTING = NO;
				ENABLE_RESOURCE_ACCESS_USB = NO;
				ENABLE_USER_SELECTED_FILES = readonly;
				GENERATE_INFOPLIST_FILE = YES;
				INFOPLIST_KEY_NSHumanReadableCopyright = "";
				LD_RUNPATH_SEARCH_PATHS = (
					"$(inherited)",
					"@executable_path/../Frameworks",
				);
				MACOSX_DEPLOYMENT_TARGET = 26.0;
				MARKETING_VERSION = 1.0;
				PRODUCT_BUNDLE_IDENTIFIER = com.aryanrogye.ComfyBrowserMacOS;
				PRODUCT_NAME = "$(TARGET_NAME)";
				REGISTER_APP_GROUPS = YES;
				SDKROOT = macosx;
				STRING_CATALOG_GENERATE_SYMBOLS = YES;
				SWIFT_APPROACHABLE_CONCURRENCY = YES;
				SWIFT_DEFAULT_ACTOR_ISOLATION = MainActor;
				SWIFT_EMIT_LOC_STRINGS = YES;
				SWIFT_UPCOMING_FEATURE_MEMBER_IMPORT_VISIBILITY = YES;
				SWIFT_VERSION = 5.0;
			};
			name = Debug;
		};
		9BD47DBC2ECD2B710081FD2F /* Release */ = {
			isa = XCBuildConfiguration;
			buildSettings = {
				ASSETCATALOG_COMPILER_APPICON_NAME = AppIcon;
				ASSETCATALOG_COMPILER_GLOBAL_ACCENT_COLOR_NAME = AccentColor;
				CODE_SIGN_STYLE = Automatic;
				COMBINE_HIDPI_IMAGES = YES;
				CURRENT_PROJECT_VERSION = 1;
				DEAD_CODE_STRIPPING = YES;
				DEVELOPMENT_TEAM = B9P888266K;
				ENABLE_APP_SANDBOX = YES;
				ENABLE_HARDENED_RUNTIME = YES;
				ENABLE_INCOMING_NETWORK_CONNECTIONS = YES;
				ENABLE_OUTGOING_NETWORK_CONNECTIONS = YES;
				ENABLE_PREVIEWS = YES;
				ENABLE_RESOURCE_ACCESS_AUDIO_INPUT = NO;
				ENABLE_RESOURCE_ACCESS_BLUETOOTH = NO;
				ENABLE_RESOURCE_ACCESS_CALENDARS = NO;
				ENABLE_RESOURCE_ACCESS_CAMERA = NO;
				ENABLE_RESOURCE_ACCESS_CONTACTS = NO;
				ENABLE_RESOURCE_ACCESS_LOCATION = NO;
				ENABLE_RESOURCE_ACCESS_PRINTING = NO;
				ENABLE_RESOURCE_ACCESS_USB = NO;
				ENABLE_USER_SELECTED_FILES = readonly;
				GENERATE_INFOPLIST_FILE = YES;
				INFOPLIST_KEY_NSHumanReadableCopyright = "";
				LD_RUNPATH_SEARCH_PATHS = (
					"$(inherited)",
					"@executable_path/../Frameworks",
				);
				MACOSX_DEPLOYMENT_TARGET = 26.0;
				MARKETING_VERSION = 1.0;
				PRODUCT_BUNDLE_IDENTIFIER = com.aryanrogye.ComfyBrowserMacOS;
				PRODUCT_NAME = "$(TARGET_NAME)";
				REGISTER_APP_GROUPS = YES;
				SDKROOT = macosx;
				STRING_CATALOG_GENERATE_SYMBOLS = YES;
				SWIFT_APPROACHABLE_CONCURRENCY = YES;
				SWIFT_DEFAULT_ACTOR_ISOLATION = MainActor;
				SWIFT_EMIT_LOC_STRINGS = YES;
				SWIFT_UPCOMING_FEATURE_MEMBER_IMPORT_VISIBILITY = YES;
				SWIFT_VERSION = 5.0;
			};
			name = Release;
		};
		9BD47DBD2ECD2B710081FD2F /* Debug */ = {
			isa = XCBuildConfiguration;
			buildSettings = {
				BUNDLE_LOADER = "$(TEST_HOST)";
				CODE_SIGN_STYLE = Automatic;
				CURRENT_PROJECT_VERSION = 1;
				DEAD_CODE_STRIPPING = YES;
				DEVELOPMENT_TEAM = B9P888266K;
				GENERATE_INFOPLIST_FILE = YES;
				MACOSX_DEPLOYMENT_TARGET = 26.0;
				MARKETING_VERSION = 1.0;
				PRODUCT_BUNDLE_IDENTIFIER = com.aryanrogye.ComfyBrowserMacOSTests;
				PRODUCT_NAME = "$(TARGET_NAME)";
				SDKROOT = macosx;
				STRING_CATALOG_GENERATE_SYMBOLS = NO;
				SWIFT_APPROACHABLE_CONCURRENCY = YES;
				SWIFT_EMIT_LOC_STRINGS = NO;
				SWIFT_UPCOMING_FEATURE_MEMBER_IMPORT_VISIBILITY = YES;
				SWIFT_VERSION = 5.0;
				TEST_HOST = "$(BUILT_PRODUCTS_DIR)/ComfyBrowserMacOS.app/$(BUNDLE_EXECUTABLE_FOLDER_PATH)/ComfyBrowserMacOS";
			};
			name = Debug;
		};
		9BD47DBE2ECD2B710081FD2F /* Release */ = {
			isa = XCBuildConfiguration;
			buildSettings = {
				BUNDLE_LOADER = "$(TEST_HOST)";
				CODE_SIGN_STYLE = Automatic;
				CURRENT_PROJECT_VERSION = 1;
				DEAD_CODE_STRIPPING = YES;
				DEVELOPMENT_TEAM = B9P888266K;
				GENERATE_INFOPLIST_FILE = YES;
				MACOSX_DEPLOYMENT_TARGET = 26.0;
				MARKETING_VERSION = 1.0;
				PRODUCT_BUNDLE_IDENTIFIER = com.aryanrogye.ComfyBrowserMacOSTests;
				PRODUCT_NAME = "$(TARGET_NAME)";
				SDKROOT = macosx;
				STRING_CATALOG_GENERATE_SYMBOLS = NO;
				SWIFT_APPROACHABLE_CONCURRENCY = YES;
				SWIFT_EMIT_LOC_STRINGS = NO;
				SWIFT_UPCOMING_FEATURE_MEMBER_IMPORT_VISIBILITY = YES;
				SWIFT_VERSION = 5.0;
				TEST_HOST = "$(BUILT_PRODUCTS_DIR)/ComfyBrowserMacOS.app/$(BUNDLE_EXECUTABLE_FOLDER_PATH)/ComfyBrowserMacOS";
			};
			name = Release;
		};
		9BD47DBF2ECD2B710081FD2F /* Debug */ = {
			isa = XCBuildConfiguration;
			buildSettings = {
				CODE_SIGN_STYLE = Automatic;
				CURRENT_PROJECT_VERSION = 1;
				DEAD_CODE_STRIPPING = YES;
				DEVELOPMENT_TEAM = B9P888266K;
				GENERATE_INFOPLIST_FILE = YES;
				MACOSX_DEPLOYMENT_TARGET = 26.0;
				MARKETING_VERSION = 1.0;
				PRODUCT_BUNDLE_IDENTIFIER = com.aryanrogye.ComfyBrowserMacOSUITests;
				PRODUCT_NAME = "$(TARGET_NAME)";
				SDKROOT = macosx;
				STRING_CATALOG_GENERATE_SYMBOLS = NO;
				SWIFT_APPROACHABLE_CONCURRENCY = YES;
				SWIFT_EMIT_LOC_STRINGS = NO;
				SWIFT_UPCOMING_FEATURE_MEMBER_IMPORT_VISIBILITY = YES;
				SWIFT_VERSION = 5.0;
				TEST_TARGET_NAME = ComfyBrowserMacOS;
			};
			name = Debug;
		};
		9BD47DC02ECD2B710081FD2F /* Release */ = {
			isa = XCBuildConfiguration;
			buildSettings = {
				CODE_SIGN_STYLE = Automatic;
				CURRENT_PROJECT_VERSION = 1;
				DEAD_CODE_STRIPPING = YES;
				DEVELOPMENT_TEAM = B9P888266K;
				GENERATE_INFOPLIST_FILE = YES;
				MACOSX_DEPLOYMENT_TARGET = 26.0;
				MARKETING_VERSION = 1.0;
				PRODUCT_BUNDLE_IDENTIFIER = com.aryanrogye.ComfyBrowserMacOSUITests;
				PRODUCT_NAME = "$(TARGET_NAME)";
				SDKROOT = macosx;
				STRING_CATALOG_GENERATE_SYMBOLS = NO;
				SWIFT_APPROACHABLE_CONCURRENCY = YES;
				SWIFT_EMIT_LOC_STRINGS = NO;
				SWIFT_UPCOMING_FEATURE_MEMBER_IMPORT_VISIBILITY = YES;
				SWIFT_VERSION = 5.0;
				TEST_TARGET_NAME = ComfyBrowserMacOS;
			};
			name = Release;
		};
/* End XCBuildConfiguration section */

/* Begin XCConfigurationList section */
		9B2E02D02E58FEED0087A5CB /* Build configuration list for PBXProject "ComfyBrowser" */ = {
			isa = XCConfigurationList;
			buildConfigurations = (
				9B2E02DF2E58FEEF0087A5CB /* Debug */,
				9B2E02E02E58FEEF0087A5CB /* Release */,
			);
			defaultConfigurationIsVisible = 0;
			defaultConfigurationName = Release;
		};
		9B2E02E12E58FEEF0087A5CB /* Build configuration list for PBXNativeTarget "ComfyBrowser" */ = {
			isa = XCConfigurationList;
			buildConfigurations = (
				9B2E02E22E58FEEF0087A5CB /* Debug */,
				9B2E02E32E58FEEF0087A5CB /* Release */,
			);
			defaultConfigurationIsVisible = 0;
			defaultConfigurationName = Release;
		};
		9BD47DC12ECD2B710081FD2F /* Build configuration list for PBXNativeTarget "ComfyBrowserMacOS" */ = {
			isa = XCConfigurationList;
			buildConfigurations = (
				9BD47DBB2ECD2B710081FD2F /* Debug */,
				9BD47DBC2ECD2B710081FD2F /* Release */,
			);
			defaultConfigurationIsVisible = 0;
			defaultConfigurationName = Release;
		};
		9BD47DC22ECD2B710081FD2F /* Build configuration list for PBXNativeTarget "ComfyBrowserMacOSTests" */ = {
			isa = XCConfigurationList;
			buildConfigurations = (
				9BD47DBD2ECD2B710081FD2F /* Debug */,
				9BD47DBE2ECD2B710081FD2F /* Release */,
			);
			defaultConfigurationIsVisible = 0;
			defaultConfigurationName = Release;
		};
		9BD47DC32ECD2B710081FD2F /* Build configuration list for PBXNativeTarget "ComfyBrowserMacOSUITests" */ = {
			isa = XCConfigurationList;
			buildConfigurations = (
				9BD47DBF2ECD2B710081FD2F /* Debug */,
				9BD47DC02ECD2B710081FD2F /* Release */,
			);
			defaultConfigurationIsVisible = 0;
			defaultConfigurationName = Release;
		};
/* End XCConfigurationList section */

/* Begin XCRemoteSwiftPackageReference section */
		9B1A52AA2FB7E34D009138E1 /* XCRemoteSwiftPackageReference "LocalShortcuts" */ = {
			isa = XCRemoteSwiftPackageReference;
			repositoryURL = "https://github.com/AryanRogye/LocalShortcuts";
			requirement = {
				branch = main;
				kind = branch;
			};
		};
		9B1A52BA2FB82790009138E1 /* XCRemoteSwiftPackageReference "FaviconFinder" */ = {
			isa = XCRemoteSwiftPackageReference;
			repositoryURL = "https://github.com/will-lumley/FaviconFinder";
			requirement = {
				kind = upToNextMajorVersion;
				minimumVersion = 5.1.5;
			};
		};
/* End XCRemoteSwiftPackageReference section */

/* Begin XCSwiftPackageProductDependency section */
		9B1A52AB2FB7E34D009138E1 /* LocalShortcuts */ = {
			isa = XCSwiftPackageProductDependency;
			package = 9B1A52AA2FB7E34D009138E1 /* XCRemoteSwiftPackageReference "LocalShortcuts" */;
			productName = LocalShortcuts;
		};
		9B1A52BB2FB82790009138E1 /* FaviconFinder */ = {
			isa = XCSwiftPackageProductDependency;
			package = 9B1A52BA2FB82790009138E1 /* XCRemoteSwiftPackageReference "FaviconFinder" */;
			productName = FaviconFinder;
		};
		9B1D9BF72EF4EA2200A75C2B /* LocalShortcuts */ = {
			isa = XCSwiftPackageProductDependency;
			productName = LocalShortcuts;
		};
/* End XCSwiftPackageProductDependency section */
	};
	rootObject = 9B2E02CD2E58FEED0087A5CB /* Project object */;
}
